[[package]]
name = "attrs"
version = "22.1.0"
description = "Classes Without Boilerplate"
category = "main"
optional = false
python-versions = ">=3.5"

[package.extras]
dev = ["coverage[toml] (>=5.0.2)", "hypothesis", "pympler", "pytest (>=4.3.0)", "mypy (>=0.900,!=0.940)", "pytest-mypy-plugins", "zope.interface", "furo", "sphinx", "sphinx-notfound-page", "pre-commit", "cloudpickle"]
docs = ["furo", "sphinx", "zope.interface", "sphinx-notfound-page"]
tests = ["coverage[toml] (>=5.0.2)", "hypothesis", "pympler", "pytest (>=4.3.0)", "mypy (>=0.900,!=0.940)", "pytest-mypy-plugins", "zope.interface", "cloudpickle"]
tests_no_zope = ["coverage[toml] (>=5.0.2)", "hypothesis", "pympler", "pytest (>=4.3.0)", "mypy (>=0.900,!=0.940)", "pytest-mypy-plugins", "cloudpickle"]

[[package]]
name = "automat"
version = "20.2.0"
description = "Self-service finite-state machines for the programmer on the go."
category = "main"
optional = false
python-versions = "*"

[package.dependencies]
attrs = ">=19.2.0"
six = "*"

[package.extras]
visualize = ["graphviz (>0.5.1)", "Twisted (>=16.1.1)"]

[[package]]
name = "colorama"
version = "0.4.5"
description = "Cross-platform colored terminal text."
category = "dev"
optional = false
python-versions = ">=2.7, !=3.0.*, !=3.1.*, !=3.2.*, !=3.3.*, !=3.4.*"

[[package]]
name = "constantly"
version = "15.1.0"
description = "Symbolic constants in Python"
category = "main"
optional = false
python-versions = "*"

[[package]]
name = "distlib"
version = "0.3.5"
description = "Distribution utilities"
category = "dev"
optional = false
python-versions = "*"

[[package]]
name = "filelock"
version = "3.4.1"
description = "A platform independent file lock."
category = "dev"
optional = false
python-versions = ">=3.6"

[package.extras]
docs = ["furo (>=2021.8.17b43)", "sphinx (>=4.1)", "sphinx-autodoc-typehints (>=1.12)"]
testing = ["covdefaults (>=1.2.0)", "coverage (>=4)", "pytest (>=4)", "pytest-cov", "pytest-timeout (>=1.4.2)"]

[[package]]
name = "flake8"
version = "5.0.1"
description = "the modular source code checker: pep8 pyflakes and co"
category = "dev"
optional = false
python-versions = ">=3.6.1"

[package.dependencies]
importlib-metadata = {version = "<4.3", markers = "python_version < \"3.8\""}
mccabe = ">=0.7.0,<0.8.0"
pycodestyle = ">=2.9.0,<2.10.0"
pyflakes = ">=2.5.0,<2.6.0"

[[package]]
name = "hyperlink"
version = "21.0.0"
description = "A featureful, immutable, and correct URL for Python."
category = "main"
optional = false
python-versions = ">=2.6, !=3.0.*, !=3.1.*, !=3.2.*, !=3.3.*"

[package.dependencies]
idna = ">=2.5"

[[package]]
name = "idna"
version = "3.3"
description = "Internationalized Domain Names in Applications (IDNA)"
category = "main"
optional = false
python-versions = ">=3.5"

[[package]]
name = "importlib-metadata"
version = "4.2.0"
description = "Read metadata from Python packages"
category = "dev"
optional = false
python-versions = ">=3.6"

[package.dependencies]
typing-extensions = {version = ">=3.6.4", markers = "python_version < \"3.8\""}
zipp = ">=0.5"

[package.extras]
docs = ["sphinx", "jaraco.packaging (>=8.2)", "rst.linker (>=1.9)"]
testing = ["pytest (>=4.6)", "pytest-checkdocs (>=2.4)", "pytest-flake8", "pytest-cov", "pytest-enabler (>=1.0.1)", "packaging", "pep517", "pyfakefs", "flufl.flake8", "pytest-black (>=0.3.7)", "pytest-mypy", "importlib-resources (>=1.3)"]

[[package]]
name = "importlib-resources"
version = "5.4.0"
description = "Read resources from Python packages"
category = "dev"
optional = false
python-versions = ">=3.6"

[package.dependencies]
zipp = {version = ">=3.1.0", markers = "python_version < \"3.10\""}

[package.extras]
docs = ["sphinx", "jaraco.packaging (>=8.2)", "rst.linker (>=1.9)"]
testing = ["pytest (>=6)", "pytest-checkdocs (>=2.4)", "pytest-flake8", "pytest-cov", "pytest-enabler (>=1.0.1)", "pytest-black (>=0.3.7)", "pytest-mypy"]

[[package]]
name = "incremental"
version = "21.3.0"
description = "A small library that versions your Python projects."
category = "main"
optional = false
python-versions = "*"

[package.extras]
scripts = ["click (>=6.0)", "twisted (>=16.4.0)"]

[[package]]
name = "jinja2"
version = "3.0.3"
description = "A very fast and expressive template engine."
category = "main"
optional = false
python-versions = ">=3.6"

[package.dependencies]
MarkupSafe = ">=2.0"

[package.extras]
i18n = ["Babel (>=2.7)"]

[[package]]
name = "markupsafe"
version = "2.0.1"
description = "Safely add untrusted strings to HTML/XML markup."
category = "main"
optional = false
python-versions = ">=3.6"

[[package]]
name = "mccabe"
version = "0.7.0"
description = "McCabe checker, plugin for flake8"
category = "dev"
optional = false
python-versions = ">=3.6"

[[package]]
name = "packaging"
version = "21.3"
description = "Core utilities for Python packages"
category = "dev"
optional = false
python-versions = ">=3.6"

[package.dependencies]
pyparsing = ">=2.0.2,<3.0.5 || >3.0.5"

[[package]]
name = "platformdirs"
version = "2.4.0"
description = "A small Python module for determining appropriate platform-specific dirs, e.g. a \"user data dir\"."
category = "dev"
optional = false
python-versions = ">=3.6"

[package.extras]
docs = ["Sphinx (>=4)", "furo (>=2021.7.5b38)", "proselint (>=0.10.2)", "sphinx-autodoc-typehints (>=1.12)"]
test = ["appdirs (==1.4.4)", "pytest (>=6)", "pytest-cov (>=2.7)", "pytest-mock (>=3.6)"]

[[package]]
name = "pluggy"
version = "1.0.0"
description = "plugin and hook calling mechanisms for python"
category = "dev"
optional = false
python-versions = ">=3.6"

[package.dependencies]
importlib-metadata = {version = ">=0.12", markers = "python_version < \"3.8\""}

[package.extras]
dev = ["pre-commit", "tox"]
testing = ["pytest", "pytest-benchmark"]

[[package]]
name = "py"
version = "1.11.0"
description = "library with cross-python path, ini-parsing, io, code, log facilities"
category = "dev"
optional = false
python-versions = ">=2.7, !=3.0.*, !=3.1.*, !=3.2.*, !=3.3.*, !=3.4.*"

[[package]]
name = "pycodestyle"
version = "2.9.0"
description = "Python style guide checker"
category = "dev"
optional = false
python-versions = ">=3.6"

[[package]]
name = "pyflakes"
version = "2.5.0"
description = "passive checker of Python programs"
category = "dev"
optional = false
python-versions = ">=3.6"

[[package]]
name = "pyparsing"
version = "3.0.7"
description = "Python parsing module"
category = "dev"
optional = false
python-versions = ">=3.6"

[package.extras]
diagrams = ["jinja2", "railroad-diagrams"]

[[package]]
name = "six"
version = "1.16.0"
description = "Python 2 and 3 compatibility utilities"
category = "main"
optional = false
python-versions = ">=2.7, !=3.0.*, !=3.1.*, !=3.2.*"

[[package]]
name = "toml"
version = "0.10.2"
description = "Python Library for Tom's Obvious, Minimal Language"
category = "dev"
optional = false
python-versions = ">=2.6, !=3.0.*, !=3.1.*, !=3.2.*"

[[package]]
name = "tox"
version = "3.25.1"
description = "tox is a generic virtualenv management and test command line tool"
category = "dev"
optional = false
python-versions = "!=3.0.*,!=3.1.*,!=3.2.*,!=3.3.*,!=3.4.*,>=2.7"

[package.dependencies]
colorama = {version = ">=0.4.1", markers = "platform_system == \"Windows\""}
filelock = ">=3.0.0"
importlib-metadata = {version = ">=0.12", markers = "python_version < \"3.8\""}
packaging = ">=14"
pluggy = ">=0.12.0"
py = ">=1.4.17"
six = ">=1.14.0"
toml = ">=0.9.4"
virtualenv = ">=16.0.0,<20.0.0 || >20.0.0,<20.0.1 || >20.0.1,<20.0.2 || >20.0.2,<20.0.3 || >20.0.3,<20.0.4 || >20.0.4,<20.0.5 || >20.0.5,<20.0.6 || >20.0.6,<20.0.7 || >20.0.7"

[package.extras]
docs = ["pygments-github-lexers (>=0.0.5)", "sphinx (>=2.0.0)", "sphinxcontrib-autoprogram (>=0.1.5)", "towncrier (>=18.5.0)"]
testing = ["flaky (>=3.4.0)", "freezegun (>=0.3.11)", "pytest (>=4.0.0)", "pytest-cov (>=2.5.1)", "pytest-mock (>=1.10.0)", "pytest-randomly (>=1.0.0)", "psutil (>=5.6.1)", "pathlib2 (>=2.3.3)"]

[[package]]
name = "twisted"
version = "22.4.0"
description = "An asynchronous networking framework written in Python"
category = "main"
optional = false
python-versions = ">=3.6.7"

[package.dependencies]
attrs = ">=19.2.0"
Automat = ">=0.8.0"
constantly = ">=15.1"
hyperlink = ">=17.1.1"
incremental = ">=21.3.0"
twisted-iocpsupport = {version = ">=1.0.2,<2", markers = "platform_system == \"Windows\""}
typing-extensions = ">=3.6.5"
"zope.interface" = ">=4.4.2"

[package.extras]
all_non_platform = ["cython-test-exception-raiser (>=1.0.2,<2)", "PyHamcrest (>=1.9.0)", "pyopenssl (>=16.0.0)", "service-identity (>=18.1.0)", "idna (>=2.4)", "pyasn1", "cryptography (>=2.6)", "appdirs (>=1.4.0)", "bcrypt (>=3.0.0)", "pyserial (>=3.0)", "h2 (>=3.0,<5.0)", "priority (>=1.1.0,<2.0)", "pywin32 (!=226)", "contextvars (>=2.4,<3)"]
conch = ["pyasn1", "cryptography (>=2.6)", "appdirs (>=1.4.0)", "bcrypt (>=3.0.0)"]
conch_nacl = ["pyasn1", "cryptography (>=2.6)", "appdirs (>=1.4.0)", "bcrypt (>=3.0.0)", "pynacl"]
contextvars = ["contextvars (>=2.4,<3)"]
dev = ["towncrier (>=19.2,<20.0)", "sphinx-rtd-theme (>=0.5,<1.0)", "readthedocs-sphinx-ext (>=2.1,<3.0)", "sphinx (>=4.1.2,<6)", "pyflakes (>=2.2,<3.0)", "twistedchecker (>=0.7,<1.0)", "coverage (>=6b1,<7)", "python-subunit (>=1.4,<2.0)", "pydoctor (>=21.9.0,<21.10.0)"]
dev_release = ["towncrier (>=19.2,<20.0)", "sphinx-rtd-theme (>=0.5,<1.0)", "readthedocs-sphinx-ext (>=2.1,<3.0)", "sphinx (>=4.1.2,<6)", "pydoctor (>=21.9.0,<21.10.0)"]
http2 = ["h2 (>=3.0,<5.0)", "priority (>=1.1.0,<2.0)"]
macos_platform = ["pyobjc-core", "pyobjc-framework-cfnetwork", "pyobjc-framework-cocoa", "cython-test-exception-raiser (>=1.0.2,<2)", "PyHamcrest (>=1.9.0)", "pyopenssl (>=16.0.0)", "service-identity (>=18.1.0)", "idna (>=2.4)", "pyasn1", "cryptography (>=2.6)", "appdirs (>=1.4.0)", "bcrypt (>=3.0.0)", "pyserial (>=3.0)", "h2 (>=3.0,<5.0)", "priority (>=1.1.0,<2.0)", "pywin32 (!=226)", "contextvars (>=2.4,<3)"]
mypy = ["mypy (==0.930)", "mypy-zope (==0.3.4)", "types-setuptools", "types-pyopenssl", "towncrier (>=19.2,<20.0)", "sphinx-rtd-theme (>=0.5,<1.0)", "readthedocs-sphinx-ext (>=2.1,<3.0)", "sphinx (>=4.1.2,<6)", "pyflakes (>=2.2,<3.0)", "twistedchecker (>=0.7,<1.0)", "coverage (>=6b1,<7)", "cython-test-exception-raiser (>=1.0.2,<2)", "PyHamcrest (>=1.9.0)", "pyopenssl (>=16.0.0)", "service-identity (>=18.1.0)", "idna (>=2.4)", "pyasn1", "cryptography (>=2.6)", "appdirs (>=1.4.0)", "bcrypt (>=3.0.0)", "pyserial (>=3.0)", "h2 (>=3.0,<5.0)", "priority (>=1.1.0,<2.0)", "pynacl", "pywin32 (!=226)", "python-subunit (>=1.4,<2.0)", "contextvars (>=2.4,<3)", "pydoctor (>=21.9.0,<21.10.0)"]
osx_platform = ["pyobjc-core", "pyobjc-framework-cfnetwork", "pyobjc-framework-cocoa", "cython-test-exception-raiser (>=1.0.2,<2)", "PyHamcrest (>=1.9.0)", "pyopenssl (>=16.0.0)", "service-identity (>=18.1.0)", "idna (>=2.4)", "pyasn1", "cryptography (>=2.6)", "appdirs (>=1.4.0)", "bcrypt (>=3.0.0)", "pyserial (>=3.0)", "h2 (>=3.0,<5.0)", "priority (>=1.1.0,<2.0)", "pywin32 (!=226)", "contextvars (>=2.4,<3)"]
serial = ["pyserial (>=3.0)", "pywin32 (!=226)"]
test = ["cython-test-exception-raiser (>=1.0.2,<2)", "PyHamcrest (>=1.9.0)"]
tls = ["pyopenssl (>=16.0.0)", "service-identity (>=18.1.0)", "idna (>=2.4)"]
windows_platform = ["pywin32 (!=226)", "cython-test-exception-raiser (>=1.0.2,<2)", "PyHamcrest (>=1.9.0)", "pyopenssl (>=16.0.0)", "service-identity (>=18.1.0)", "idna (>=2.4)", "pyasn1", "cryptography (>=2.6)", "appdirs (>=1.4.0)", "bcrypt (>=3.0.0)", "pyserial (>=3.0)", "h2 (>=3.0,<5.0)", "priority (>=1.1.0,<2.0)", "pywin32 (!=226)", "contextvars (>=2.4,<3)"]

[[package]]
name = "twisted-iocpsupport"
version = "1.0.2"
description = "An extension for use in the twisted I/O Completion Ports reactor."
category = "main"
optional = false
python-versions = "*"

[[package]]
name = "typing-extensions"
version = "4.1.1"
description = "Backported and Experimental Type Hints for Python 3.6+"
category = "main"
optional = false
python-versions = ">=3.6"

[[package]]
name = "virtualenv"
version = "20.16.2"
description = "Virtual Python Environment builder"
category = "dev"
optional = false
python-versions = ">=3.6"

[package.dependencies]
distlib = ">=0.3.1,<1"
filelock = ">=3.2,<4"
importlib-metadata = {version = ">=0.12", markers = "python_version < \"3.8\""}
importlib-resources = {version = ">=1.0", markers = "python_version < \"3.7\""}
platformdirs = ">=2,<3"

[package.extras]
docs = ["proselint (>=0.10.2)", "sphinx (>=3)", "sphinx-argparse (>=0.2.5)", "sphinx-rtd-theme (>=0.4.3)", "towncrier (>=21.3)"]
testing = ["coverage (>=4)", "coverage-enable-subprocess (>=1)", "flaky (>=3)", "packaging (>=20.0)", "pytest (>=4)", "pytest-env (>=0.6.2)", "pytest-freezegun (>=0.4.1)", "pytest-mock (>=2)", "pytest-randomly (>=1)", "pytest-timeout (>=1)"]

[[package]]
name = "zipp"
version = "3.6.0"
description = "Backport of pathlib-compatible object wrapper for zip files"
category = "dev"
optional = false
python-versions = ">=3.6"

[package.extras]
docs = ["sphinx", "jaraco.packaging (>=8.2)", "rst.linker (>=1.9)"]
testing = ["pytest (>=4.6)", "pytest-checkdocs (>=2.4)", "pytest-flake8", "pytest-cov", "pytest-enabler (>=1.0.1)", "jaraco.itertools", "func-timeout", "pytest-black (>=0.3.7)", "pytest-mypy"]

[[package]]
name = "zope.interface"
version = "5.4.0"
description = "Interfaces for Python"
category = "main"
optional = false
python-versions = ">=2.7, !=3.0.*, !=3.1.*, !=3.2.*, !=3.3.*, !=3.4.*"

[package.extras]
docs = ["sphinx", "repoze.sphinx.autointerface"]
test = ["coverage (>=5.0.3)", "zope.event", "zope.testing"]
testing = ["coverage (>=5.0.3)", "zope.event", "zope.testing"]

[metadata]
lock-version = "1.1"
python-versions = ">=3.6.7"
content-hash = "09a725a36d8a686487df4c8ed30e915a54535d8148fa232950d8b358a1aae0ec"

[metadata.files]
attrs = []
automat = []
colorama = [
    {file = "colorama-0.4.5-py2.py3-none-any.whl", hash = "sha256:854bf444933e37f5824ae7bfc1e98d5bce2ebe4160d46b5edf346a89358e99da"},
    {file = "colorama-0.4.5.tar.gz", hash = "sha256:e6c6b4334fc50988a639d9b98aa429a0b57da6e17b9a44f0451f930b6967b7a4"},
]
constantly = []
distlib = []
filelock = []
flake8 = []
hyperlink = []
idna = [
    {file = "idna-3.3-py3-none-any.whl", hash = "sha256:84d9dd047ffa80596e0f246e2eab0b391788b0503584e8945f2368256d2735ff"},
    {file = "idna-3.3.tar.gz", hash = "sha256:9d643ff0a55b762d5cdb124b8eaa99c66322e2157b69160bc32796e824360e6d"},
]
importlib-metadata = []
importlib-resources = [
    {file = "importlib_resources-5.4.0-py3-none-any.whl", hash = "sha256:33a95faed5fc19b4bc16b29a6eeae248a3fe69dd55d4d229d2b480e23eeaad45"},
    {file = "importlib_resources-5.4.0.tar.gz", hash = "sha256:d756e2f85dd4de2ba89be0b21dba2a3bbec2e871a42a3a16719258a11f87506b"},
]
incremental = []
jinja2 = [
    {file = "Jinja2-3.0.3-py3-none-any.whl", hash = "sha256:077ce6014f7b40d03b47d1f1ca4b0fc8328a692bd284016f806ed0eaca390ad8"},
    {file = "Jinja2-3.0.3.tar.gz", hash = "sha256:611bb273cd68f3b993fabdc4064fc858c5b47a973cb5aa7999ec1ba405c87cd7"},
]
markupsafe = [
    {file = "MarkupSafe-2.0.1-cp36-cp36m-macosx_10_9_x86_64.whl", hash = "sha256:f9081981fe268bd86831e5c75f7de206ef275defcb82bc70740ae6dc507aee51"},
    {file = "MarkupSafe-2.0.1-cp36-cp36m-manylinux1_i686.whl", hash = "sha256:0955295dd5eec6cb6cc2fe1698f4c6d84af2e92de33fbcac4111913cd100a6ff"},
    {file = "MarkupSafe-2.0.1-cp36-cp36m-manylinux1_x86_64.whl", hash = "sha256:0446679737af14f45767963a1a9ef7620189912317d095f2d9ffa183a4d25d2b"},
    {file = "MarkupSafe-2.0.1-cp36-cp36m-manylinux2010_i686.whl", hash = "sha256:f826e31d18b516f653fe296d967d700fddad5901ae07c622bb3705955e1faa94"},
    {file = "MarkupSafe-2.0.1-cp36-cp36m-manylinux2010_x86_64.whl", hash = "sha256:fa130dd50c57d53368c9d59395cb5526eda596d3ffe36666cd81a44d56e48872"},
    {file = "MarkupSafe-2.0.1-cp36-cp36m-manylinux2014_aarch64.whl", hash = "sha256:905fec760bd2fa1388bb5b489ee8ee5f7291d692638ea5f67982d968366bef9f"},
    {file = "MarkupSafe-2.0.1-cp36-cp36m-win32.whl", hash = "sha256:6c4ca60fa24e85fe25b912b01e62cb969d69a23a5d5867682dd3e80b5b02581d"},
    {file = "MarkupSafe-2.0.1-cp36-cp36m-win_amd64.whl", hash = "sha256:b2f4bf27480f5e5e8ce285a8c8fd176c0b03e93dcc6646477d4630e83440c6a9"},
    {file = "MarkupSafe-2.0.1-cp37-cp37m-macosx_10_9_x86_64.whl", hash = "sha256:0717a7390a68be14b8c793ba258e075c6f4ca819f15edfc2a3a027c823718567"},
    {file = "MarkupSafe-2.0.1-cp37-cp37m-manylinux1_i686.whl", hash = "sha256:6557b31b5e2c9ddf0de32a691f2312a32f77cd7681d8af66c2692efdbef84c18"},
    {file = "MarkupSafe-2.0.1-cp37-cp37m-manylinux1_x86_64.whl", hash = "sha256:49e3ceeabbfb9d66c3aef5af3a60cc43b85c33df25ce03d0031a608b0a8b2e3f"},
    {file = "MarkupSafe-2.0.1-cp37-cp37m-manylinux2010_i686.whl", hash = "sha256:d7f9850398e85aba693bb640262d3611788b1f29a79f0c93c565694658f4071f"},
    {file = "MarkupSafe-2.0.1-cp37-cp37m-manylinux2010_x86_64.whl", hash = "sha256:6a7fae0dd14cf60ad5ff42baa2e95727c3d81ded453457771d02b7d2b3f9c0c2"},
    {file = "MarkupSafe-2.0.1-cp37-cp37m-manylinux2014_aarch64.whl", hash = "sha256:b7f2d075102dc8c794cbde1947378051c4e5180d52d276987b8d28a3bd58c17d"},
    {file = "MarkupSafe-2.0.1-cp37-cp37m-win32.whl", hash = "sha256:a30e67a65b53ea0a5e62fe23682cfe22712e01f453b95233b25502f7c61cb415"},
    {file = "MarkupSafe-2.0.1-cp37-cp37m-win_amd64.whl", hash = "sha256:611d1ad9a4288cf3e3c16014564df047fe08410e628f89805e475368bd304914"},
    {file = "MarkupSafe-2.0.1-cp38-cp38-macosx_10_9_x86_64.whl", hash = "sha256:be98f628055368795d818ebf93da628541e10b75b41c559fdf36d104c5787066"},
    {file = "MarkupSafe-2.0.1-cp38-cp38-manylinux1_i686.whl", hash = "sha256:1d609f577dc6e1aa17d746f8bd3c31aa4d258f4070d61b2aa5c4166c1539de35"},
    {file = "MarkupSafe-2.0.1-cp38-cp38-manylinux1_x86_64.whl", hash = "sha256:7d91275b0245b1da4d4cfa07e0faedd5b0812efc15b702576d103293e252af1b"},
    {file = "MarkupSafe-2.0.1-cp38-cp38-manylinux2010_i686.whl", hash = "sha256:01a9b8ea66f1658938f65b93a85ebe8bc016e6769611be228d797c9d998dd298"},
    {file = "MarkupSafe-2.0.1-cp38-cp38-manylinux2010_x86_64.whl", hash = "sha256:47ab1e7b91c098ab893b828deafa1203de86d0bc6ab587b160f78fe6c4011f75"},
    {file = "MarkupSafe-2.0.1-cp38-cp38-manylinux2014_aarch64.whl", hash = "sha256:97383d78eb34da7e1fa37dd273c20ad4320929af65d156e35a5e2d89566d9dfb"},
    {file = "MarkupSafe-2.0.1-cp38-cp38-win32.whl", hash = "sha256:023cb26ec21ece8dc3907c0e8320058b2e0cb3c55cf9564da612bc325bed5e64"},
    {file = "MarkupSafe-2.0.1-cp38-cp38-win_amd64.whl", hash = "sha256:984d76483eb32f1bcb536dc27e4ad56bba4baa70be32fa87152832cdd9db0833"},
    {file = "MarkupSafe-2.0.1-cp39-cp39-macosx_10_9_universal2.whl", hash = "sha256:2ef54abee730b502252bcdf31b10dacb0a416229b72c18b19e24a4509f273d26"},
    {file = "MarkupSafe-2.0.1-cp39-cp39-macosx_10_9_x86_64.whl", hash = "sha256:3c112550557578c26af18a1ccc9e090bfe03832ae994343cfdacd287db6a6ae7"},
    {file = "MarkupSafe-2.0.1-cp39-cp39-manylinux1_i686.whl", hash = "sha256:53edb4da6925ad13c07b6d26c2a852bd81e364f95301c66e930ab2aef5b5ddd8"},
    {file = "MarkupSafe-2.0.1-cp39-cp39-manylinux1_x86_64.whl", hash = "sha256:f5653a225f31e113b152e56f154ccbe59eeb1c7487b39b9d9f9cdb58e6c79dc5"},
    {file = "MarkupSafe-2.0.1-cp39-cp39-manylinux2010_i686.whl", hash = "sha256:4efca8f86c54b22348a5467704e3fec767b2db12fc39c6d963168ab1d3fc9135"},
    {file = "MarkupSafe-2.0.1-cp39-cp39-manylinux2010_x86_64.whl", hash = "sha256:ab3ef638ace319fa26553db0624c4699e31a28bb2a835c5faca8f8acf6a5a902"},
    {file = "MarkupSafe-2.0.1-cp39-cp39-manylinux2014_aarch64.whl", hash = "sha256:f8ba0e8349a38d3001fae7eadded3f6606f0da5d748ee53cc1dab1d6527b9509"},
    {file = "MarkupSafe-2.0.1-cp39-cp39-win32.whl", hash = "sha256:10f82115e21dc0dfec9ab5c0223652f7197feb168c940f3ef61563fc2d6beb74"},
    {file = "MarkupSafe-2.0.1-cp39-cp39-win_amd64.whl", hash = "sha256:693ce3f9e70a6cf7d2fb9e6c9d8b204b6b39897a2c4a1aa65728d5ac97dcc1d8"},
    {file = "MarkupSafe-2.0.1.tar.gz", hash = "sha256:594c67807fb16238b30c44bdf74f36c02cdf22d1c8cda91ef8a0ed8dabf5620a"},
]
mccabe = [
    {file = "mccabe-0.7.0-py2.py3-none-any.whl", hash = "sha256:6c2d30ab6be0e4a46919781807b4f0d834ebdd6c6e3dca0bda5a15f863427b6e"},
    {file = "mccabe-0.7.0.tar.gz", hash = "sha256:348e0240c33b60bbdf4e523192ef919f28cb2c3d7d5c7794f74009290f236325"},
]
packaging = [
    {file = "packaging-21.3-py3-none-any.whl", hash = "sha256:ef103e05f519cdc783ae24ea4e2e0f508a9c99b2d4969652eed6a2e1ea5bd522"},
    {file = "packaging-21.3.tar.gz", hash = "sha256:dd47c42927d89ab911e606518907cc2d3a1f38bbd026385970643f9c5b8ecfeb"},
]
platformdirs = [
    {file = "platformdirs-2.4.0-py3-none-any.whl", hash = "sha256:8868bbe3c3c80d42f20156f22e7131d2fb321f5bc86a2a345375c6481a67021d"},
    {file = "platformdirs-2.4.0.tar.gz", hash = "sha256:367a5e80b3d04d2428ffa76d33f124cf11e8fff2acdaa9b43d545f5c7d661ef2"},
]
pluggy = [
    {file = "pluggy-1.0.0-py2.py3-none-any.whl", hash = "sha256:74134bbf457f031a36d68416e1509f34bd5ccc019f0bcc952c7b909d06b37bd3"},
    {file = "pluggy-1.0.0.tar.gz", hash = "sha256:4224373bacce55f955a878bf9cfa763c1e360858e330072059e10bad68531159"},
]
py = [
    {file = "py-1.11.0-py2.py3-none-any.whl", hash = "sha256:607c53218732647dff4acdfcd50cb62615cedf612e72d1724fb1a0cc6405b378"},
    {file = "py-1.11.0.tar.gz", hash = "sha256:51c75c4126074b472f746a24399ad32f6053d1b34b68d2fa41e558e6f4a98719"},
]
pycodestyle = []
pyflakes = []
pyparsing = [
    {file = "pyparsing-3.0.7-py3-none-any.whl", hash = "sha256:a6c06a88f252e6c322f65faf8f418b16213b51bdfaece0524c1c1bc30c63c484"},
    {file = "pyparsing-3.0.7.tar.gz", hash = "sha256:18ee9022775d270c55187733956460083db60b37d0d0fb357445f3094eed3eea"},
]
six = [
    {file = "six-1.16.0-py2.py3-none-any.whl", hash = "sha256:8abb2f1d86890a2dfb989f9a77cfcfd3e47c2a354b01111771326f8aa26e0254"},
    {file = "six-1.16.0.tar.gz", hash = "sha256:1e61c37477a1626458e36f7b1d82aa5c9b094fa4802892072e49de9c60c4c926"},
]
toml = [
    {file = "toml-0.10.2-py2.py3-none-any.whl", hash = "sha256:806143ae5bfb6a3c6e736a764057db0e6a0e05e338b5630894a5f779cabb4f9b"},
    {file = "toml-0.10.2.tar.gz", hash = "sha256:b3bda1d108d5dd99f4a20d24d9c348e91c4db7ab1b749200bded2f839ccbe68f"},
]
tox = []
twisted = []
twisted-iocpsupport = []
typing-extensions = [
    {file = "typing_extensions-4.1.1-py3-none-any.whl", hash = "sha256:21c85e0fe4b9a155d0799430b0ad741cdce7e359660ccbd8b530613e8df88ce2"},
    {file = "typing_extensions-4.1.1.tar.gz", hash = "sha256:1a9462dcc3347a79b1f1c0271fbe79e844580bb598bafa1ed208b94da3cdcd42"},
]
virtualenv = []
zipp = [
    {file = "zipp-3.6.0-py3-none-any.whl", hash = "sha256:9fe5ea21568a0a70e50f273397638d39b03353731e6cbbb3fd8502a33fec40bc"},
    {file = "zipp-3.6.0.tar.gz", hash = "sha256:71c644c5369f4a6e07636f0aa966270449561fcea2e3d6747b8d23efaa9d7832"},
]
"zope.interface" = [
    {file = "zope.interface-5.4.0-cp27-cp27m-macosx_10_14_x86_64.whl", hash = "sha256:7df1e1c05304f26faa49fa752a8c690126cf98b40b91d54e6e9cc3b7d6ffe8b7"},
    {file = "zope.interface-5.4.0-cp27-cp27m-manylinux1_i686.whl", hash = "sha256:2c98384b254b37ce50eddd55db8d381a5c53b4c10ee66e1e7fe749824f894021"},
    {file = "zope.interface-5.4.0-cp27-cp27m-manylinux1_x86_64.whl", hash = "sha256:08f9636e99a9d5410181ba0729e0408d3d8748026ea938f3b970a0249daa8192"},
    {file = "zope.interface-5.4.0-cp27-cp27m-manylinux2010_i686.whl", hash = "sha256:0ea1d73b7c9dcbc5080bb8aaffb776f1c68e807767069b9ccdd06f27a161914a"},
    {file = "zope.interface-5.4.0-cp27-cp27m-manylinux2010_x86_64.whl", hash = "sha256:273f158fabc5ea33cbc936da0ab3d4ba80ede5351babc4f577d768e057651531"},
    {file = "zope.interface-5.4.0-cp27-cp27m-win32.whl", hash = "sha256:a1e6e96217a0f72e2b8629e271e1b280c6fa3fe6e59fa8f6701bec14e3354325"},
    {file = "zope.interface-5.4.0-cp27-cp27m-win_amd64.whl", hash = "sha256:877473e675fdcc113c138813a5dd440da0769a2d81f4d86614e5d62b69497155"},
    {file = "zope.interface-5.4.0-cp27-cp27mu-manylinux1_i686.whl", hash = "sha256:f7ee479e96f7ee350db1cf24afa5685a5899e2b34992fb99e1f7c1b0b758d263"},
    {file = "zope.interface-5.4.0-cp27-cp27mu-manylinux1_x86_64.whl", hash = "sha256:b0297b1e05fd128d26cc2460c810d42e205d16d76799526dfa8c8ccd50e74959"},
    {file = "zope.interface-5.4.0-cp27-cp27mu-manylinux2010_i686.whl", hash = "sha256:af310ec8335016b5e52cae60cda4a4f2a60a788cbb949a4fbea13d441aa5a09e"},
    {file = "zope.interface-5.4.0-cp27-cp27mu-manylinux2010_x86_64.whl", hash = "sha256:9a9845c4c6bb56e508651f005c4aeb0404e518c6f000d5a1123ab077ab769f5c"},
    {file = "zope.interface-5.4.0-cp35-cp35m-manylinux1_i686.whl", hash = "sha256:0b465ae0962d49c68aa9733ba92a001b2a0933c317780435f00be7ecb959c702"},
    {file = "zope.interface-5.4.0-cp35-cp35m-manylinux1_x86_64.whl", hash = "sha256:5dd9ca406499444f4c8299f803d4a14edf7890ecc595c8b1c7115c2342cadc5f"},
    {file = "zope.interface-5.4.0-cp35-cp35m-manylinux2010_i686.whl", hash = "sha256:469e2407e0fe9880ac690a3666f03eb4c3c444411a5a5fddfdabc5d184a79f05"},
    {file = "zope.interface-5.4.0-cp35-cp35m-manylinux2010_x86_64.whl", hash = "sha256:52de7fc6c21b419078008f697fd4103dbc763288b1406b4562554bd47514c004"},
    {file = "zope.interface-5.4.0-cp35-cp35m-manylinux2014_aarch64.whl", hash = "sha256:3dd4952748521205697bc2802e4afac5ed4b02909bb799ba1fe239f77fd4e117"},
    {file = "zope.interface-5.4.0-cp35-cp35m-win32.whl", hash = "sha256:dd93ea5c0c7f3e25335ab7d22a507b1dc43976e1345508f845efc573d3d779d8"},
    {file = "zope.interface-5.4.0-cp35-cp35m-win_amd64.whl", hash = "sha256:3748fac0d0f6a304e674955ab1365d515993b3a0a865e16a11ec9d86fb307f63"},
    {file = "zope.interface-5.4.0-cp36-cp36m-macosx_10_14_x86_64.whl", hash = "sha256:66c0061c91b3b9cf542131148ef7ecbecb2690d48d1612ec386de9d36766058f"},
    {file = "zope.interface-5.4.0-cp36-cp36m-manylinux1_i686.whl", hash = "sha256:d0c1bc2fa9a7285719e5678584f6b92572a5b639d0e471bb8d4b650a1a910920"},
    {file = "zope.interface-5.4.0-cp36-cp36m-manylinux1_x86_64.whl", hash = "sha256:2876246527c91e101184f63ccd1d716ec9c46519cc5f3d5375a3351c46467c46"},
    {file = "zope.interface-5.4.0-cp36-cp36m-manylinux2010_i686.whl", hash = "sha256:334701327f37c47fa628fc8b8d28c7d7730ce7daaf4bda1efb741679c2b087fc"},
    {file = "zope.interface-5.4.0-cp36-cp36m-manylinux2010_x86_64.whl", hash = "sha256:71aace0c42d53abe6fc7f726c5d3b60d90f3c5c055a447950ad6ea9cec2e37d9"},
    {file = "zope.interface-5.4.0-cp36-cp36m-manylinux2014_aarch64.whl", hash = "sha256:5bb3489b4558e49ad2c5118137cfeaf59434f9737fa9c5deefc72d22c23822e2"},
    {file = "zope.interface-5.4.0-cp36-cp36m-win32.whl", hash = "sha256:1c0e316c9add0db48a5b703833881351444398b04111188069a26a61cfb4df78"},
    {file = "zope.interface-5.4.0-cp36-cp36m-win_amd64.whl", hash = "sha256:6f0c02cbb9691b7c91d5009108f975f8ffeab5dff8f26d62e21c493060eff2a1"},
    {file = "zope.interface-5.4.0-cp37-cp37m-macosx_10_14_x86_64.whl", hash = "sha256:7d97a4306898b05404a0dcdc32d9709b7d8832c0c542b861d9a826301719794e"},
    {file = "zope.interface-5.4.0-cp37-cp37m-manylinux1_i686.whl", hash = "sha256:867a5ad16892bf20e6c4ea2aab1971f45645ff3102ad29bd84c86027fa99997b"},
    {file = "zope.interface-5.4.0-cp37-cp37m-manylinux1_x86_64.whl", hash = "sha256:5f931a1c21dfa7a9c573ec1f50a31135ccce84e32507c54e1ea404894c5eb96f"},
    {file = "zope.interface-5.4.0-cp37-cp37m-manylinux2010_i686.whl", hash = "sha256:194d0bcb1374ac3e1e023961610dc8f2c78a0f5f634d0c737691e215569e640d"},
    {file = "zope.interface-5.4.0-cp37-cp37m-manylinux2010_x86_64.whl", hash = "sha256:8270252effc60b9642b423189a2fe90eb6b59e87cbee54549db3f5562ff8d1b8"},
    {file = "zope.interface-5.4.0-cp37-cp37m-manylinux2014_aarch64.whl", hash = "sha256:15e7d1f7a6ee16572e21e3576d2012b2778cbacf75eb4b7400be37455f5ca8bf"},
    {file = "zope.interface-5.4.0-cp37-cp37m-win32.whl", hash = "sha256:8892f89999ffd992208754851e5a052f6b5db70a1e3f7d54b17c5211e37a98c7"},
    {file = "zope.interface-5.4.0-cp37-cp37m-win_amd64.whl", hash = "sha256:2e5a26f16503be6c826abca904e45f1a44ff275fdb7e9d1b75c10671c26f8b94"},
    {file = "zope.interface-5.4.0-cp38-cp38-macosx_10_14_x86_64.whl", hash = "sha256:0f91b5b948686659a8e28b728ff5e74b1be6bf40cb04704453617e5f1e945ef3"},
    {file = "zope.interface-5.4.0-cp38-cp38-manylinux1_i686.whl", hash = "sha256:4de4bc9b6d35c5af65b454d3e9bc98c50eb3960d5a3762c9438df57427134b8e"},
    {file = "zope.interface-5.4.0-cp38-cp38-manylinux1_x86_64.whl", hash = "sha256:bf68f4b2b6683e52bec69273562df15af352e5ed25d1b6641e7efddc5951d1a7"},
    {file = "zope.interface-5.4.0-cp38-cp38-manylinux2010_i686.whl", hash = "sha256:63b82bb63de7c821428d513607e84c6d97d58afd1fe2eb645030bdc185440120"},
    {file = "zope.interface-5.4.0-cp38-cp38-manylinux2010_x86_64.whl", hash = "sha256:db1fa631737dab9fa0b37f3979d8d2631e348c3b4e8325d6873c2541d0ae5a48"},
    {file = "zope.interface-5.4.0-cp38-cp38-manylinux2014_aarch64.whl", hash = "sha256:f44e517131a98f7a76696a7b21b164bcb85291cee106a23beccce454e1f433a4"},
    {file = "zope.interface-5.4.0-cp38-cp38-win32.whl", hash = "sha256:a9506a7e80bcf6eacfff7f804c0ad5350c8c95b9010e4356a4b36f5322f09abb"},
    {file = "zope.interface-5.4.0-cp38-cp38-win_amd64.whl", hash = "sha256:3c02411a3b62668200910090a0dff17c0b25aaa36145082a5a6adf08fa281e54"},
    {file = "zope.interface-5.4.0-cp39-cp39-macosx_10_14_x86_64.whl", hash = "sha256:0cee5187b60ed26d56eb2960136288ce91bcf61e2a9405660d271d1f122a69a4"},
    {file = "zope.interface-5.4.0-cp39-cp39-manylinux1_i686.whl", hash = "sha256:a8156e6a7f5e2a0ff0c5b21d6bcb45145efece1909efcbbbf48c56f8da68221d"},
    {file = "zope.interface-5.4.0-cp39-cp39-manylinux1_x86_64.whl", hash = "sha256:205e40ccde0f37496904572035deea747390a8b7dc65146d30b96e2dd1359a83"},
    {file = "zope.interface-5.4.0-cp39-cp39-manylinux2010_i686.whl", hash = "sha256:3f24df7124c323fceb53ff6168da70dbfbae1442b4f3da439cd441681f54fe25"},
    {file = "zope.interface-5.4.0-cp39-cp39-manylinux2010_x86_64.whl", hash = "sha256:5208ebd5152e040640518a77827bdfcc73773a15a33d6644015b763b9c9febc1"},
    {file = "zope.interface-5.4.0-cp39-cp39-manylinux2014_aarch64.whl", hash = "sha256:17776ecd3a1fdd2b2cd5373e5ef8b307162f581c693575ec62e7c5399d80794c"},
    {file = "zope.interface-5.4.0-cp39-cp39-win32.whl", hash = "sha256:d4d9d6c1a455d4babd320203b918ccc7fcbefe308615c521062bc2ba1aa4d26e"},
    {file = "zope.interface-5.4.0-cp39-cp39-win_amd64.whl", hash = "sha256:0cba8477e300d64a11a9789ed40ee8932b59f9ee05f85276dbb4b59acee5dd09"},
    {file = "zope.interface-5.4.0.tar.gz", hash = "sha256:5dba5f530fec3f0988d83b78cc591b58c0b6eb8431a85edd1569a0539a8a5a0e"},
]
